
Microsoft Visual Studio Solution File, Format Version 12.00
# Visual Studio Version 16
VisualStudioVersion = 16.0.31729.503
MinimumVisualStudioVersion = 10.0.40219.1
Project("{F184B08F-C81C-45F6-A57F-5ABD9991F28F}") = "VB_TicTacToe", "VB_TicTacToe.vbproj", "{F036A653-3203-4545-9490-C3D20CBAC6AA}"
EndProject
Global
	GlobalSection(SolutionConfigurationPlatforms) = preSolution
		Debug|Any CPU = Debug|Any CPU
		Release|Any CPU = Release|Any CPU
	EndGlobalSection
	GlobalSection(ProjectConfigurationPlatforms) = postSolution
		{F036A653-3203-4545-9490-C3D20CBAC6AA}.Debug|Any CPU.ActiveCfg = Debug|Any CPU
		{F036A653-3203-4545-9490-C3D20CBAC6AA}.Debug|Any CPU.Build.0 = Debug|Any CPU
		{F036A653-3203-4545-9490-C3D20CBAC6AA}.Release|Any CPU.ActiveCfg = Release|Any CPU
		{F036A653-3203-4545-9490-C3D20CBAC6AA}.Release|Any CPU.Build.0 = Release|Any CPU
	EndGlobalSection
	GlobalSection(SolutionProperties) = preSolution
		HideSolutionNode = FALSE
	EndGlobalSection
	GlobalSection(ExtensibilityGlobals) = postSolution
		SolutionGuid = {25B74884-0924-428D-97CD-E2977145EB52}
	EndGlobalSection
EndGlobal
